
Microsoft Visual Studio Solution File, Format Version 12.00
# Visual Studio 2013
VisualStudioVersion = 12.0.21005.1
MinimumVisualStudioVersion = 10.0.40219.1
Project("{FAE04EC0-301F-11D3-BF4B-00C04F79EFBC}") = "iWechat", "iWechat\iWechat.csproj", "{0A90FB70-3788-4B11-AE9B-1B11CFA273EE}"
EndProject
Project("{FAE04EC0-301F-11D3-BF4B-00C04F79EFBC}") = "PList", "..\..\..\..\..\..\Download\iphone-plist-net\iphone-plist-net\PList\PList.csproj", "{C1154025-FCAB-40AF-A715-91D10420C321}"
EndProject
Project("{FAE04EC0-301F-11D3-BF4B-00C04F79EFBC}") = "ICSharpCode.SharpZLib", "..\..\..\..\..\..\Download\icsharpcode-SharpZipLib-e012155\icsharpcode-SharpZipLib-e012155\src\ICSharpCode.SharpZLib.csproj", "{0E7413FF-EB9E-4714-ACF2-BE3A6A7B2FFD}"
EndProject
Global
	GlobalSection(SolutionConfigurationPlatforms) = preSolution
		Debug|Any CPU = Debug|Any CPU
		Release|Any CPU = Release|Any CPU
	EndGlobalSection
	GlobalSection(ProjectConfigurationPlatforms) = postSolution
		{0A90FB70-3788-4B11-AE9B-1B11CFA273EE}.Debug|Any CPU.ActiveCfg = Debug|Any CPU
		{0A90FB70-3788-4B11-AE9B-1B11CFA273EE}.Debug|Any CPU.Build.0 = Debug|Any CPU
		{0A90FB70-3788-4B11-AE9B-1B11CFA273EE}.Release|Any CPU.ActiveCfg = Release|Any CPU
		{0A90FB70-3788-4B11-AE9B-1B11CFA273EE}.Release|Any CPU.Build.0 = Release|Any CPU
		{C1154025-FCAB-40AF-A715-91D10420C321}.Debug|Any CPU.ActiveCfg = Debug|Any CPU
		{C1154025-FCAB-40AF-A715-91D10420C321}.Debug|Any CPU.Build.0 = Debug|Any CPU
		{C1154025-FCAB-40AF-A715-91D10420C321}.Release|Any CPU.ActiveCfg = Release|Any CPU
		{C1154025-FCAB-40AF-A715-91D10420C321}.Release|Any CPU.Build.0 = Release|Any CPU
		{0E7413FF-EB9E-4714-ACF2-BE3A6A7B2FFD}.Debug|Any CPU.ActiveCfg = Debug|Any CPU
		{0E7413FF-EB9E-4714-ACF2-BE3A6A7B2FFD}.Debug|Any CPU.Build.0 = Debug|Any CPU
		{0E7413FF-EB9E-4714-ACF2-BE3A6A7B2FFD}.Release|Any CPU.ActiveCfg = Release|Any CPU
		{0E7413FF-EB9E-4714-ACF2-BE3A6A7B2FFD}.Release|Any CPU.Build.0 = Release|Any CPU
	EndGlobalSection
	GlobalSection(SolutionProperties) = preSolution
		HideSolutionNode = FALSE
	EndGlobalSection
EndGlobal
